
Microsoft Visual Studio Solution File, Format Version 12.00
# Visual Studio Version 17
VisualStudioVersion = 17.0.32126.317
MinimumVisualStudioVersion = 10.0.40219.1
Project("{FAE04EC0-301F-11D3-BF4B-00C04F79EFBC}") = "MagicPoker", "MagicPoker\MagicPoker.csproj", "{AAC4A674-49CB-4747-9E59-335B41E6FE91}"
EndProject
Global
	GlobalSection(SolutionConfigurationPlatforms) = preSolution
		Debug|Any CPU = Debug|Any CPU
		Release|Any CPU = Release|Any CPU
	EndGlobalSection
	GlobalSection(ProjectConfigurationPlatforms) = postSolution
		{AAC4A674-49CB-4747-9E59-335B41E6FE91}.Debug|Any CPU.ActiveCfg = Debug|Any CPU
		{AAC4A674-49CB-4747-9E59-335B41E6FE91}.Debug|Any CPU.Build.0 = Debug|Any CPU
		{AAC4A674-49CB-4747-9E59-335B41E6FE91}.Release|Any CPU.ActiveCfg = Release|Any CPU
		{AAC4A674-49CB-4747-9E59-335B41E6FE91}.Release|Any CPU.Build.0 = Release|Any CPU
	EndGlobalSection
	GlobalSection(SolutionProperties) = preSolution
		HideSolutionNode = FALSE
	EndGlobalSection
	GlobalSection(ExtensibilityGlobals) = postSolution
		SolutionGuid = {FBB189D5-0CD4-4D94-871E-70B4F4AC1F04}
	EndGlobalSection
EndGlobal
